// !$*UTF8*$!
{
	archiveVersion = 1;
	classes = {
	};
	objectVersion = 46;
	objects = {

/* Begin PBXBuildFile section */
		F31EFDDB1D1BECAA00797850 /* Network.swift in Sources */ = {isa = PBXBuildFile; fileRef = F31EFDDA1D1BECAA00797850 /* Network.swift */; };
		F31EFDDE1D1BF19A00797850 /* GCD.swift in Sources */ = {isa = PBXBuildFile; fileRef = F31EFDDD1D1BF19A00797850 /* GCD.swift */; };
		F31EFDE01D1BF42600797850 /* Features.swift in Sources */ = {isa = PBXBuildFile; fileRef = F31EFDDF1D1BF42600797850 /* Features.swift */; };
		F31EFDE41D1BF85100797850 /* Loader.swift in Sources */ = {isa = PBXBuildFile; fileRef = F31EFDE31D1BF85100797850 /* Loader.swift */; };
		F31EFDEF1D1C6A4400797850 /* OpenWeatherCTTests.swift in Sources */ = {isa = PBXBuildFile; fileRef = F31EFDEE1D1C6A4400797850 /* OpenWeatherCTTests.swift */; };
		F31EFDF71D1CB23400797850 /* Configuration.swift in Sources */ = {isa = PBXBuildFile; fileRef = F31EFDF61D1CB23400797850 /* Configuration.swift */; };
		F31EFDF91D1CB8B400797850 /* WellKnown.swift in Sources */ = {isa = PBXBuildFile; fileRef = F31EFDF81D1CB8B400797850 /* WellKnown.swift */; };
		F31EFDFA1D1CB8B400797850 /* WellKnown.swift in Sources */ = {isa = PBXBuildFile; fileRef = F31EFDF81D1CB8B400797850 /* WellKnown.swift */; };
		F31EFDFF1D1CBF7F00797850 /* Presets.swift in Sources */ = {isa = PBXBuildFile; fileRef = F31EFDFE1D1CBF7F00797850 /* Presets.swift */; };
		F31EFE001D1CBF7F00797850 /* Presets.swift in Sources */ = {isa = PBXBuildFile; fileRef = F31EFDFE1D1CBF7F00797850 /* Presets.swift */; };
		F31EFE011D1CBF9300797850 /* ForecastLoader.swift in Sources */ = {isa = PBXBuildFile; fileRef = F31EFDFB1D1CB9EE00797850 /* ForecastLoader.swift */; };
		F31EFE031D1CC42B00797850 /* Sizes.swift in Sources */ = {isa = PBXBuildFile; fileRef = F31EFE021D1CC42B00797850 /* Sizes.swift */; };
		F31EFE041D1CC42B00797850 /* Sizes.swift in Sources */ = {isa = PBXBuildFile; fileRef = F31EFE021D1CC42B00797850 /* Sizes.swift */; };
		F31EFE0B1D1CCDD800797850 /* ForecastCell.swift in Sources */ = {isa = PBXBuildFile; fileRef = F31EFE091D1CCDD800797850 /* ForecastCell.swift */; };
		F31EFE0C1D1CCDD800797850 /* ForecastCell.swift in Sources */ = {isa = PBXBuildFile; fileRef = F31EFE091D1CCDD800797850 /* ForecastCell.swift */; };
		F3926DD31D1CDFE600932F3E /* Fonts.swift in Sources */ = {isa = PBXBuildFile; fileRef = F3926DD21D1CDFE600932F3E /* Fonts.swift */; };
		F3926DD51D1CE2F100932F3E /* CGPoint.swift in Sources */ = {isa = PBXBuildFile; fileRef = F3E47C7B1D1BDF4E001FE3D6 /* CGPoint.swift */; };
		F3926DDA1D1CE2FF00932F3E /* Double.swift in Sources */ = {isa = PBXBuildFile; fileRef = F3E47C7D1D1BDF4E001FE3D6 /* Double.swift */; };
		F3926DDC1D1CE30300932F3E /* Int.swift in Sources */ = {isa = PBXBuildFile; fileRef = F3E47C7E1D1BDF4E001FE3D6 /* Int.swift */; };
		F3926DDF1D1CE30B00932F3E /* NSDate.swift in Sources */ = {isa = PBXBuildFile; fileRef = F3E47C7F1D1BDF4E001FE3D6 /* NSDate.swift */; };
		F3926DE01D1CE38E00932F3E /* CGRect.swift in Sources */ = {isa = PBXBuildFile; fileRef = F3E47C7C1D1BDF4E001FE3D6 /* CGRect.swift */; };
		F3926DE21D1CE4C400932F3E /* WeatherRecord.swift in Sources */ = {isa = PBXBuildFile; fileRef = F31EFDE51D1BF8CA00797850 /* WeatherRecord.swift */; };
		F3926DE51D1CE69500932F3E /* NSDate+Additions.m in Sources */ = {isa = PBXBuildFile; fileRef = F3926DE41D1CE69500932F3E /* NSDate+Additions.m */; };
		F3926DE71D1CE87200932F3E /* ForecastCellView.swift in Sources */ = {isa = PBXBuildFile; fileRef = F31EFE0F1D1CCE6800797850 /* ForecastCellView.swift */; };
		F3926DE91D1CE9AC00932F3E /* UIScrollView.swift in Sources */ = {isa = PBXBuildFile; fileRef = F3926DE81D1CE9AC00932F3E /* UIScrollView.swift */; };
		F3926DEA1D1CEB0D00932F3E /* ForecastView.swift in Sources */ = {isa = PBXBuildFile; fileRef = F31EFE0A1D1CCDD800797850 /* ForecastView.swift */; };
		F3E47C441D1BD666001FE3D6 /* Assets.xcassets in Resources */ = {isa = PBXBuildFile; fileRef = F3E47C431D1BD666001FE3D6 /* Assets.xcassets */; };
		F3E47C471D1BD666001FE3D6 /* LaunchScreen.storyboard in Resources */ = {isa = PBXBuildFile; fileRef = F3E47C451D1BD666001FE3D6 /* LaunchScreen.storyboard */; };
		F3E47C521D1BD86C001FE3D6 /* Top.swift in Sources */ = {isa = PBXBuildFile; fileRef = F3E47C511D1BD86C001FE3D6 /* Top.swift */; };
		F3E47C551D1BD87A001FE3D6 /* AppDelegate.swift in Sources */ = {isa = PBXBuildFile; fileRef = F3E47C541D1BD87A001FE3D6 /* AppDelegate.swift */; };
		F3E47C571D1BD900001FE3D6 /* TopView.swift in Sources */ = {isa = PBXBuildFile; fileRef = F3E47C561D1BD900001FE3D6 /* TopView.swift */; };
		F3E47C591D1BD96E001FE3D6 /* Views.swift in Sources */ = {isa = PBXBuildFile; fileRef = F3E47C581D1BD96E001FE3D6 /* Views.swift */; };
		F3E47C5C1D1BDA0A001FE3D6 /* UIView.swift in Sources */ = {isa = PBXBuildFile; fileRef = F3E47C5B1D1BDA0A001FE3D6 /* UIView.swift */; };
		F3E47C5E1D1BDA3B001FE3D6 /* Colors.swift in Sources */ = {isa = PBXBuildFile; fileRef = F3E47C5D1D1BDA3B001FE3D6 /* Colors.swift */; };
		F3E47C6A1D1BDA6D001FE3D6 /* SExp.m in Sources */ = {isa = PBXBuildFile; fileRef = F3E47C611D1BDA6D001FE3D6 /* SExp.m */; };
		F3E47C6B1D1BDA6D001FE3D6 /* SExpIO.m in Sources */ = {isa = PBXBuildFile; fileRef = F3E47C631D1BDA6D001FE3D6 /* SExpIO.m */; };
		F3E47C6C1D1BDA6D001FE3D6 /* SExpTokenizer.m in Sources */ = {isa = PBXBuildFile; fileRef = F3E47C651D1BDA6D001FE3D6 /* SExpTokenizer.m */; };
		F3E47C6D1D1BDA6D001FE3D6 /* SExpValidityChecker.m in Sources */ = {isa = PBXBuildFile; fileRef = F3E47C671D1BDA6D001FE3D6 /* SExpValidityChecker.m */; };
		F3E47C6E1D1BDA6D001FE3D6 /* SimpleUnicharInputStream.m in Sources */ = {isa = PBXBuildFile; fileRef = F3E47C691D1BDA6D001FE3D6 /* SimpleUnicharInputStream.m */; };
		F3E47C711D1BDAE2001FE3D6 /* ColorPalette.swift in Sources */ = {isa = PBXBuildFile; fileRef = F3E47C701D1BDAE2001FE3D6 /* ColorPalette.swift */; };
		F3E47C741D1BDAFE001FE3D6 /* fonts in Resources */ = {isa = PBXBuildFile; fileRef = F3E47C721D1BDAFE001FE3D6 /* fonts */; };
		F3E47C751D1BDAFE001FE3D6 /* settings in Resources */ = {isa = PBXBuildFile; fileRef = F3E47C731D1BDAFE001FE3D6 /* settings */; };
		F3E47C791D1BDBFE001FE3D6 /* NSMutableArray+Stack.m in Sources */ = {isa = PBXBuildFile; fileRef = F3E47C781D1BDBFE001FE3D6 /* NSMutableArray+Stack.m */; };
		F3E47C881D1BDF4E001FE3D6 /* NSRange.swift in Sources */ = {isa = PBXBuildFile; fileRef = F3E47C801D1BDF4E001FE3D6 /* NSRange.swift */; };
		F3E47C891D1BDF4E001FE3D6 /* String.swift in Sources */ = {isa = PBXBuildFile; fileRef = F3E47C811D1BDF4E001FE3D6 /* String.swift */; };
		F3E47C8A1D1BDF4E001FE3D6 /* UIColor.swift in Sources */ = {isa = PBXBuildFile; fileRef = F3E47C821D1BDF4E001FE3D6 /* UIColor.swift */; };
		F3E47C8D1D1BDF92001FE3D6 /* Math.swift in Sources */ = {isa = PBXBuildFile; fileRef = F3E47C8C1D1BDF92001FE3D6 /* Math.swift */; };
/* End PBXBuildFile section */

/* Begin PBXContainerItemProxy section */
		F31EFDF11D1C6A4400797850 /* PBXContainerItemProxy */ = {
			isa = PBXContainerItemProxy;
			containerPortal = F3E47C311D1BD666001FE3D6 /* Project object */;
			proxyType = 1;
			remoteGlobalIDString = F3E47C381D1BD666001FE3D6;
			remoteInfo = OpenWeatherCT;
		};
/* End PBXContainerItemProxy section */

/* Begin PBXFileReference section */
		F31EFDDA1D1BECAA00797850 /* Network.swift */ = {isa = PBXFileReference; fileEncoding = 4; lastKnownFileType = sourcecode.swift; name = Network.swift; path = network/Network.swift; sourceTree = "<group>"; };
		F31EFDDD1D1BF19A00797850 /* GCD.swift */ = {isa = PBXFileReference; fileEncoding = 4; lastKnownFileType = sourcecode.swift; path = GCD.swift; sourceTree = "<group>"; };
		F31EFDDF1D1BF42600797850 /* Features.swift */ = {isa = PBXFileReference; fileEncoding = 4; lastKnownFileType = sourcecode.swift; name = Features.swift; path = globals/Features.swift; sourceTree = "<group>"; };
		F31EFDE31D1BF85100797850 /* Loader.swift */ = {isa = PBXFileReference; fileEncoding = 4; lastKnownFileType = sourcecode.swift; name = Loader.swift; path = network/Loader.swift; sourceTree = "<group>"; };
		F31EFDE51D1BF8CA00797850 /* WeatherRecord.swift */ = {isa = PBXFileReference; fileEncoding = 4; lastKnownFileType = sourcecode.swift; name = WeatherRecord.swift; path = model/WeatherRecord.swift; sourceTree = "<group>"; };
		F31EFDEC1D1C6A4400797850 /* OpenWeatherCTTests.xctest */ = {isa = PBXFileReference; explicitFileType = wrapper.cfbundle; includeInIndex = 0; path = OpenWeatherCTTests.xctest; sourceTree = BUILT_PRODUCTS_DIR; };
		F31EFDEE1D1C6A4400797850 /* OpenWeatherCTTests.swift */ = {isa = PBXFileReference; lastKnownFileType = sourcecode.swift; path = OpenWeatherCTTests.swift; sourceTree = "<group>"; };
		F31EFDF01D1C6A4400797850 /* Info.plist */ = {isa = PBXFileReference; lastKnownFileType = text.plist.xml; path = Info.plist; sourceTree = "<group>"; };
		F31EFDF61D1CB23400797850 /* Configuration.swift */ = {isa = PBXFileReference; fileEncoding = 4; lastKnownFileType = sourcecode.swift; name = Configuration.swift; path = network/Configuration.swift; sourceTree = "<group>"; };
		F31EFDF81D1CB8B400797850 /* WellKnown.swift */ = {isa = PBXFileReference; fileEncoding = 4; lastKnownFileType = sourcecode.swift; path = WellKnown.swift; sourceTree = "<group>"; };
		F31EFDFB1D1CB9EE00797850 /* ForecastLoader.swift */ = {isa = PBXFileReference; fileEncoding = 4; lastKnownFileType = sourcecode.swift; path = ForecastLoader.swift; sourceTree = "<group>"; };
		F31EFDFE1D1CBF7F00797850 /* Presets.swift */ = {isa = PBXFileReference; fileEncoding = 4; lastKnownFileType = sourcecode.swift; name = Presets.swift; path = globals/Presets.swift; sourceTree = "<group>"; };
		F31EFE021D1CC42B00797850 /* Sizes.swift */ = {isa = PBXFileReference; fileEncoding = 4; lastKnownFileType = sourcecode.swift; name = Sizes.swift; path = globals/Sizes.swift; sourceTree = "<group>"; };
		F31EFE091D1CCDD800797850 /* ForecastCell.swift */ = {isa = PBXFileReference; fileEncoding = 4; lastKnownFileType = sourcecode.swift; path = ForecastCell.swift; sourceTree = "<group>"; };
		F31EFE0A1D1CCDD800797850 /* ForecastView.swift */ = {isa = PBXFileReference; fileEncoding = 4; lastKnownFileType = sourcecode.swift; path = ForecastView.swift; sourceTree = "<group>"; };
		F31EFE0F1D1CCE6800797850 /* ForecastCellView.swift */ = {isa = PBXFileReference; fileEncoding = 4; lastKnownFileType = sourcecode.swift; path = ForecastCellView.swift; sourceTree = "<group>"; };
		F3926DD21D1CDFE600932F3E /* Fonts.swift */ = {isa = PBXFileReference; fileEncoding = 4; lastKnownFileType = sourcecode.swift; name = Fonts.swift; path = globals/Fonts.swift; sourceTree = "<group>"; };
		F3926DE31D1CE69500932F3E /* NSDate+Additions.h */ = {isa = PBXFileReference; fileEncoding = 4; lastKnownFileType = sourcecode.c.h; path = "NSDate+Additions.h"; sourceTree = "<group>"; };
		F3926DE41D1CE69500932F3E /* NSDate+Additions.m */ = {isa = PBXFileReference; fileEncoding = 4; lastKnownFileType = sourcecode.c.objc; path = "NSDate+Additions.m"; sourceTree = "<group>"; };
		F3926DE81D1CE9AC00932F3E /* UIScrollView.swift */ = {isa = PBXFileReference; fileEncoding = 4; lastKnownFileType = sourcecode.swift; path = UIScrollView.swift; sourceTree = "<group>"; };
		F3E47C391D1BD666001FE3D6 /* OpenWeatherCT.app */ = {isa = PBXFileReference; explicitFileType = wrapper.application; includeInIndex = 0; path = OpenWeatherCT.app; sourceTree = BUILT_PRODUCTS_DIR; };
		F3E47C431D1BD666001FE3D6 /* Assets.xcassets */ = {isa = PBXFileReference; lastKnownFileType = folder.assetcatalog; path = Assets.xcassets; sourceTree = "<group>"; };
		F3E47C461D1BD666001FE3D6 /* Base */ = {isa = PBXFileReference; lastKnownFileType = file.storyboard; name = Base; path = Base.lproj/LaunchScreen.storyboard; sourceTree = "<group>"; };
		F3E47C481D1BD666001FE3D6 /* Info.plist */ = {isa = PBXFileReference; lastKnownFileType = text.plist.xml; path = Info.plist; sourceTree = "<group>"; };
		F3E47C511D1BD86C001FE3D6 /* Top.swift */ = {isa = PBXFileReference; fileEncoding = 4; lastKnownFileType = sourcecode.swift; path = Top.swift; sourceTree = "<group>"; };
		F3E47C541D1BD87A001FE3D6 /* AppDelegate.swift */ = {isa = PBXFileReference; fileEncoding = 4; lastKnownFileType = sourcecode.swift; path = AppDelegate.swift; sourceTree = "<group>"; };
		F3E47C561D1BD900001FE3D6 /* TopView.swift */ = {isa = PBXFileReference; fileEncoding = 4; lastKnownFileType = sourcecode.swift; path = TopView.swift; sourceTree = "<group>"; };
		F3E47C581D1BD96E001FE3D6 /* Views.swift */ = {isa = PBXFileReference; fileEncoding = 4; lastKnownFileType = sourcecode.swift; name = Views.swift; path = globals/Views.swift; sourceTree = "<group>"; };
		F3E47C5B1D1BDA0A001FE3D6 /* UIView.swift */ = {isa = PBXFileReference; fileEncoding = 4; lastKnownFileType = sourcecode.swift; path = UIView.swift; sourceTree = "<group>"; };
		F3E47C5D1D1BDA3B001FE3D6 /* Colors.swift */ = {isa = PBXFileReference; fileEncoding = 4; lastKnownFileType = sourcecode.swift; name = Colors.swift; path = globals/Colors.swift; sourceTree = "<group>"; };
		F3E47C601D1BDA6D001FE3D6 /* SExp.h */ = {isa = PBXFileReference; fileEncoding = 4; lastKnownFileType = sourcecode.c.h; path = SExp.h; sourceTree = "<group>"; };
		F3E47C611D1BDA6D001FE3D6 /* SExp.m */ = {isa = PBXFileReference; fileEncoding = 4; lastKnownFileType = sourcecode.c.objc; path = SExp.m; sourceTree = "<group>"; };
		F3E47C621D1BDA6D001FE3D6 /* SExpIO.h */ = {isa = PBXFileReference; fileEncoding = 4; lastKnownFileType = sourcecode.c.h; path = SExpIO.h; sourceTree = "<group>"; };
		F3E47C631D1BDA6D001FE3D6 /* SExpIO.m */ = {isa = PBXFileReference; fileEncoding = 4; lastKnownFileType = sourcecode.c.objc; path = SExpIO.m; sourceTree = "<group>"; };
		F3E47C641D1BDA6D001FE3D6 /* SExpTokenizer.h */ = {isa = PBXFileReference; fileEncoding = 4; lastKnownFileType = sourcecode.c.h; path = SExpTokenizer.h; sourceTree = "<group>"; };
		F3E47C651D1BDA6D001FE3D6 /* SExpTokenizer.m */ = {isa = PBXFileReference; fileEncoding = 4; lastKnownFileType = sourcecode.c.objc; path = SExpTokenizer.m; sourceTree = "<group>"; };
		F3E47C661D1BDA6D001FE3D6 /* SExpValidityChecker.h */ = {isa = PBXFileReference; fileEncoding = 4; lastKnownFileType = sourcecode.c.h; path = SExpValidityChecker.h; sourceTree = "<group>"; };
		F3E47C671D1BDA6D001FE3D6 /* SExpValidityChecker.m */ = {isa = PBXFileReference; fileEncoding = 4; lastKnownFileType = sourcecode.c.objc; path = SExpValidityChecker.m; sourceTree = "<group>"; };
		F3E47C681D1BDA6D001FE3D6 /* SimpleUnicharInputStream.h */ = {isa = PBXFileReference; fileEncoding = 4; lastKnownFileType = sourcecode.c.h; path = SimpleUnicharInputStream.h; sourceTree = "<group>"; };
		F3E47C691D1BDA6D001FE3D6 /* SimpleUnicharInputStream.m */ = {isa = PBXFileReference; fileEncoding = 4; lastKnownFileType = sourcecode.c.objc; path = SimpleUnicharInputStream.m; sourceTree = "<group>"; };
		F3E47C6F1D1BDABE001FE3D6 /* OpenWeatherCT-Bridging-Header.h */ = {isa = PBXFileReference; lastKnownFileType = sourcecode.c.h; name = "OpenWeatherCT-Bridging-Header.h"; path = "OWSources/OpenWeatherCT-Bridging-Header.h"; sourceTree = "<group>"; };
		F3E47C701D1BDAE2001FE3D6 /* ColorPalette.swift */ = {isa = PBXFileReference; fileEncoding = 4; lastKnownFileType = sourcecode.swift; path = ColorPalette.swift; sourceTree = "<group>"; };
		F3E47C721D1BDAFE001FE3D6 /* fonts */ = {isa = PBXFileReference; lastKnownFileType = folder; path = fonts; sourceTree = "<group>"; };
		F3E47C731D1BDAFE001FE3D6 /* settings */ = {isa = PBXFileReference; lastKnownFileType = folder; path = settings; sourceTree = "<group>"; };
		F3E47C771D1BDBFE001FE3D6 /* NSMutableArray+Stack.h */ = {isa = PBXFileReference; fileEncoding = 4; lastKnownFileType = sourcecode.c.h; path = "NSMutableArray+Stack.h"; sourceTree = "<group>"; };
		F3E47C781D1BDBFE001FE3D6 /* NSMutableArray+Stack.m */ = {isa = PBXFileReference; fileEncoding = 4; lastKnownFileType = sourcecode.c.objc; path = "NSMutableArray+Stack.m"; sourceTree = "<group>"; };
		F3E47C7B1D1BDF4E001FE3D6 /* CGPoint.swift */ = {isa = PBXFileReference; fileEncoding = 4; lastKnownFileType = sourcecode.swift; path = CGPoint.swift; sourceTree = "<group>"; };
		F3E47C7C1D1BDF4E001FE3D6 /* CGRect.swift */ = {isa = PBXFileReference; fileEncoding = 4; lastKnownFileType = sourcecode.swift; path = CGRect.swift; sourceTree = "<group>"; };
		F3E47C7D1D1BDF4E001FE3D6 /* Double.swift */ = {isa = PBXFileReference; fileEncoding = 4; lastKnownFileType = sourcecode.swift; path = Double.swift; sourceTree = "<group>"; };
		F3E47C7E1D1BDF4E001FE3D6 /* Int.swift */ = {isa = PBXFileReference; fileEncoding = 4; lastKnownFileType = sourcecode.swift; path = Int.swift; sourceTree = "<group>"; };
		F3E47C7F1D1BDF4E001FE3D6 /* NSDate.swift */ = {isa = PBXFileReference; fileEncoding = 4; lastKnownFileType = sourcecode.swift; path = NSDate.swift; sourceTree = "<group>"; };
		F3E47C801D1BDF4E001FE3D6 /* NSRange.swift */ = {isa = PBXFileReference; fileEncoding = 4; lastKnownFileType = sourcecode.swift; path = NSRange.swift; sourceTree = "<group>"; };
		F3E47C811D1BDF4E001FE3D6 /* String.swift */ = {isa = PBXFileReference; fileEncoding = 4; lastKnownFileType = sourcecode.swift; path = String.swift; sourceTree = "<group>"; };
		F3E47C821D1BDF4E001FE3D6 /* UIColor.swift */ = {isa = PBXFileReference; fileEncoding = 4; lastKnownFileType = sourcecode.swift; path = UIColor.swift; sourceTree = "<group>"; };
		F3E47C8C1D1BDF92001FE3D6 /* Math.swift */ = {isa = PBXFileReference; fileEncoding = 4; lastKnownFileType = sourcecode.swift; path = Math.swift; sourceTree = "<group>"; };
/* End PBXFileReference section */

/* Begin PBXFrameworksBuildPhase section */
		F31EFDE91D1C6A4400797850 /* Frameworks */ = {
			isa = PBXFrameworksBuildPhase;
			buildActionMask = 2147483647;
			files = (
			);
			runOnlyForDeploymentPostprocessing = 0;
		};
		F3E47C361D1BD666001FE3D6 /* Frameworks */ = {
			isa = PBXFrameworksBuildPhase;
			buildActionMask = 2147483647;
			files = (
			);
			runOnlyForDeploymentPostprocessing = 0;
		};
/* End PBXFrameworksBuildPhase section */

/* Begin PBXGroup section */
		F31EFDDC1D1BECAF00797850 /* network */ = {
			isa = PBXGroup;
			children = (
				F31EFDF61D1CB23400797850 /* Configuration.swift */,
				F31EFDDA1D1BECAA00797850 /* Network.swift */,
				F31EFDE31D1BF85100797850 /* Loader.swift */,
			);
			name = network;
			sourceTree = "<group>";
		};
		F31EFDE71D1BF8DA00797850 /* model */ = {
			isa = PBXGroup;
			children = (
				F31EFDE51D1BF8CA00797850 /* WeatherRecord.swift */,
			);
			name = model;
			sourceTree = "<group>";
		};
		F31EFDED1D1C6A4400797850 /* OpenWeatherCTTests */ = {
			isa = PBXGroup;
			children = (
				F31EFDEE1D1C6A4400797850 /* OpenWeatherCTTests.swift */,
				F31EFDF01D1C6A4400797850 /* Info.plist */,
			);
			path = OpenWeatherCTTests;
			sourceTree = "<group>";
		};
		F31EFE081D1CCDD800797850 /* forecastview */ = {
			isa = PBXGroup;
			children = (
				F31EFE091D1CCDD800797850 /* ForecastCell.swift */,
				F31EFE0F1D1CCE6800797850 /* ForecastCellView.swift */,
				F31EFE0A1D1CCDD800797850 /* ForecastView.swift */,
			);
			path = forecastview;
			sourceTree = "<group>";
		};
		F3E47C301D1BD666001FE3D6 = {
			isa = PBXGroup;
			children = (
				F3E47C3B1D1BD666001FE3D6 /* OpenWeatherCT */,
				F31EFDED1D1C6A4400797850 /* OpenWeatherCTTests */,
				F3E47C3A1D1BD666001FE3D6 /* Products */,
			);
			sourceTree = "<group>";
		};
		F3E47C3A1D1BD666001FE3D6 /* Products */ = {
			isa = PBXGroup;
			children = (
				F3E47C391D1BD666001FE3D6 /* OpenWeatherCT.app */,
				F31EFDEC1D1C6A4400797850 /* OpenWeatherCTTests.xctest */,
			);
			name = Products;
			sourceTree = "<group>";
		};
		F3E47C3B1D1BD666001FE3D6 /* OpenWeatherCT */ = {
			isa = PBXGroup;
			children = (
				F3E47C6F1D1BDABE001FE3D6 /* OpenWeatherCT-Bridging-Header.h */,
				F3E47C501D1BD86C001FE3D6 /* jfb-libs */,
				F3E47C531D1BD87A001FE3D6 /* OWSources */,
				F3E47C431D1BD666001FE3D6 /* Assets.xcassets */,
				F3E47C451D1BD666001FE3D6 /* LaunchScreen.storyboard */,
				F3E47C481D1BD666001FE3D6 /* Info.plist */,
			);
			path = OpenWeatherCT;
			sourceTree = "<group>";
		};
		F3E47C501D1BD86C001FE3D6 /* jfb-libs */ = {
			isa = PBXGroup;
			children = (
				F3E47C761D1BDB04001FE3D6 /* bundle-resources */,
				F3E47C7A1D1BDF27001FE3D6 /* objc */,
				F3E47C511D1BD86C001FE3D6 /* Top.swift */,
				F3E47C701D1BDAE2001FE3D6 /* ColorPalette.swift */,
				F3E47C8C1D1BDF92001FE3D6 /* Math.swift */,
				F31EFDDD1D1BF19A00797850 /* GCD.swift */,
				F3E47C8B1D1BDF5F001FE3D6 /* extensions */,
			);
			path = "jfb-libs";
			sourceTree = "<group>";
		};
		F3E47C531D1BD87A001FE3D6 /* OWSources */ = {
			isa = PBXGroup;
			children = (
				F3E47C541D1BD87A001FE3D6 /* AppDelegate.swift */,
				F3E47C561D1BD900001FE3D6 /* TopView.swift */,
				F31EFDFB1D1CB9EE00797850 /* ForecastLoader.swift */,
				F31EFDF81D1CB8B400797850 /* WellKnown.swift */,
				F31EFE081D1CCDD800797850 /* forecastview */,
				F31EFDE71D1BF8DA00797850 /* model */,
				F31EFDDC1D1BECAF00797850 /* network */,
				F3E47C5A1D1BD975001FE3D6 /* globals */,
			);
			path = OWSources;
			sourceTree = "<group>";
		};
		F3E47C5A1D1BD975001FE3D6 /* globals */ = {
			isa = PBXGroup;
			children = (
				F3E47C581D1BD96E001FE3D6 /* Views.swift */,
				F3926DD21D1CDFE600932F3E /* Fonts.swift */,
				F31EFE021D1CC42B00797850 /* Sizes.swift */,
				F31EFDFE1D1CBF7F00797850 /* Presets.swift */,
				F31EFDDF1D1BF42600797850 /* Features.swift */,
				F3E47C5D1D1BDA3B001FE3D6 /* Colors.swift */,
			);
			name = globals;
			sourceTree = "<group>";
		};
		F3E47C761D1BDB04001FE3D6 /* bundle-resources */ = {
			isa = PBXGroup;
			children = (
				F3E47C721D1BDAFE001FE3D6 /* fonts */,
				F3E47C731D1BDAFE001FE3D6 /* settings */,
			);
			name = "bundle-resources";
			sourceTree = "<group>";
		};
		F3E47C7A1D1BDF27001FE3D6 /* objc */ = {
			isa = PBXGroup;
			children = (
				F3926DE31D1CE69500932F3E /* NSDate+Additions.h */,
				F3926DE41D1CE69500932F3E /* NSDate+Additions.m */,
				F3E47C771D1BDBFE001FE3D6 /* NSMutableArray+Stack.h */,
				F3E47C781D1BDBFE001FE3D6 /* NSMutableArray+Stack.m */,
				F3E47C601D1BDA6D001FE3D6 /* SExp.h */,
				F3E47C611D1BDA6D001FE3D6 /* SExp.m */,
				F3E47C621D1BDA6D001FE3D6 /* SExpIO.h */,
				F3E47C631D1BDA6D001FE3D6 /* SExpIO.m */,
				F3E47C641D1BDA6D001FE3D6 /* SExpTokenizer.h */,
				F3E47C651D1BDA6D001FE3D6 /* SExpTokenizer.m */,
				F3E47C661D1BDA6D001FE3D6 /* SExpValidityChecker.h */,
				F3E47C671D1BDA6D001FE3D6 /* SExpValidityChecker.m */,
				F3E47C681D1BDA6D001FE3D6 /* SimpleUnicharInputStream.h */,
				F3E47C691D1BDA6D001FE3D6 /* SimpleUnicharInputStream.m */,
			);
			name = objc;
			sourceTree = "<group>";
		};
		F3E47C8B1D1BDF5F001FE3D6 /* extensions */ = {
			isa = PBXGroup;
			children = (
				F3E47C7B1D1BDF4E001FE3D6 /* CGPoint.swift */,
				F3E47C7C1D1BDF4E001FE3D6 /* CGRect.swift */,
				F3E47C7D1D1BDF4E001FE3D6 /* Double.swift */,
				F3E47C7E1D1BDF4E001FE3D6 /* Int.swift */,
				F3E47C7F1D1BDF4E001FE3D6 /* NSDate.swift */,
				F3E47C801D1BDF4E001FE3D6 /* NSRange.swift */,
				F3E47C811D1BDF4E001FE3D6 /* String.swift */,
				F3E47C821D1BDF4E001FE3D6 /* UIColor.swift */,
				F3926DE81D1CE9AC00932F3E /* UIScrollView.swift */,
				F3E47C5B1D1BDA0A001FE3D6 /* UIView.swift */,
			);
			name = extensions;
			sourceTree = "<group>";
		};
/* End PBXGroup section */

/* Begin PBXNativeTarget section */
		F31EFDEB1D1C6A4400797850 /* OpenWeatherCTTests */ = {
			isa = PBXNativeTarget;
			buildConfigurationList = F31EFDF51D1C6A4400797850 /* Build configuration list for PBXNativeTarget "OpenWeatherCTTests" */;
			buildPhases = (
				F31EFDE81D1C6A4400797850 /* Sources */,
				F31EFDE91D1C6A4400797850 /* Frameworks */,
				F31EFDEA1D1C6A4400797850 /* Resources */,
			);
			buildRules = (
			);
			dependencies = (
				F31EFDF21D1C6A4400797850 /* PBXTargetDependency */,
			);
			name = OpenWeatherCTTests;
			productName = OpenWeatherCTTests;
			productReference = F31EFDEC1D1C6A4400797850 /* OpenWeatherCTTests.xctest */;
			productType = "com.apple.product-type.bundle.unit-test";
		};
		F3E47C381D1BD666001FE3D6 /* OpenWeatherCT */ = {
			isa = PBXNativeTarget;
			buildConfigurationList = F3E47C4B1D1BD666001FE3D6 /* Build configuration list for PBXNativeTarget "OpenWeatherCT" */;
			buildPhases = (
				F3E47C351D1BD666001FE3D6 /* Sources */,
				F3E47C361D1BD666001FE3D6 /* Frameworks */,
				F3E47C371D1BD666001FE3D6 /* Resources */,
			);
			buildRules = (
			);
			dependencies = (
			);
			name = OpenWeatherCT;
			productName = OpenWeatherCT;
			productReference = F3E47C391D1BD666001FE3D6 /* OpenWeatherCT.app */;
			productType = "com.apple.product-type.application";
		};
/* End PBXNativeTarget section */

/* Begin PBXProject section */
		F3E47C311D1BD666001FE3D6 /* Project object */ = {
			isa = PBXProject;
			attributes = {
				LastSwiftUpdateCheck = 0730;
				LastUpgradeCheck = 0730;
				ORGANIZATIONNAME = "Cantabilabs Ltd";
				TargetAttributes = {
					F31EFDEB1D1C6A4400797850 = {
						CreatedOnToolsVersion = 7.3.1;
						TestTargetID = F3E47C381D1BD666001FE3D6;
					};
					F3E47C381D1BD666001FE3D6 = {
						CreatedOnToolsVersion = 7.3.1;
					};
				};
			};
			buildConfigurationList = F3E47C341D1BD666001FE3D6 /* Build configuration list for PBXProject "OpenWeatherCT" */;
			compatibilityVersion = "Xcode 3.2";
			developmentRegion = English;
			hasScannedForEncodings = 0;
			knownRegions = (
				en,
				Base,
			);
			mainGroup = F3E47C301D1BD666001FE3D6;
			productRefGroup = F3E47C3A1D1BD666001FE3D6 /* Products */;
			projectDirPath = "";
			projectRoot = "";
			targets = (
				F3E47C381D1BD666001FE3D6 /* OpenWeatherCT */,
				F31EFDEB1D1C6A4400797850 /* OpenWeatherCTTests */,
			);
		};
/* End PBXProject section */

/* Begin PBXResourcesBuildPhase section */
		F31EFDEA1D1C6A4400797850 /* Resources */ = {
			isa = PBXResourcesBuildPhase;
			buildActionMask = 2147483647;
			files = (
			);
			runOnlyForDeploymentPostprocessing = 0;
		};
		F3E47C371D1BD666001FE3D6 /* Resources */ = {
			isa = PBXResourcesBuildPhase;
			buildActionMask = 2147483647;
			files = (
				F3E47C741D1BDAFE001FE3D6 /* fonts in Resources */,
				F3E47C751D1BDAFE001FE3D6 /* settings in Resources */,
				F3E47C471D1BD666001FE3D6 /* LaunchScreen.storyboard in Resources */,
				F3E47C441D1BD666001FE3D6 /* Assets.xcassets in Resources */,
			);
			runOnlyForDeploymentPostprocessing = 0;
		};
/* End PBXResourcesBuildPhase section */

/* Begin PBXSourcesBuildPhase section */
		F31EFDE81D1C6A4400797850 /* Sources */ = {
			isa = PBXSourcesBuildPhase;
			buildActionMask = 2147483647;
			files = (
				F31EFE0C1D1CCDD800797850 /* ForecastCell.swift in Sources */,
				F31EFE041D1CC42B00797850 /* Sizes.swift in Sources */,
				F31EFDEF1D1C6A4400797850 /* OpenWeatherCTTests.swift in Sources */,
				F31EFE001D1CBF7F00797850 /* Presets.swift in Sources */,
				F31EFDFA1D1CB8B400797850 /* WellKnown.swift in Sources */,
			);
			runOnlyForDeploymentPostprocessing = 0;
		};
		F3E47C351D1BD666001FE3D6 /* Sources */ = {
			isa = PBXSourcesBuildPhase;
			buildActionMask = 2147483647;
			files = (
				F3E47C5C1D1BDA0A001FE3D6 /* UIView.swift in Sources */,
				F3E47C8A1D1BDF4E001FE3D6 /* UIColor.swift in Sources */,
				F31EFDDB1D1BECAA00797850 /* Network.swift in Sources */,
				F3926DD51D1CE2F100932F3E /* CGPoint.swift in Sources */,
				F3E47C6D1D1BDA6D001FE3D6 /* SExpValidityChecker.m in Sources */,
				F3E47C891D1BDF4E001FE3D6 /* String.swift in Sources */,
				F3926DE01D1CE38E00932F3E /* CGRect.swift in Sources */,
				F31EFDF71D1CB23400797850 /* Configuration.swift in Sources */,
				F3E47C791D1BDBFE001FE3D6 /* NSMutableArray+Stack.m in Sources */,
				F3926DEA1D1CEB0D00932F3E /* ForecastView.swift in Sources */,
				F31EFE031D1CC42B00797850 /* Sizes.swift in Sources */,
				F3926DE71D1CE87200932F3E /* ForecastCellView.swift in Sources */,
				F31EFDF91D1CB8B400797850 /* WellKnown.swift in Sources */,
				F3E47C5E1D1BDA3B001FE3D6 /* Colors.swift in Sources */,
				F3E47C591D1BD96E001FE3D6 /* Views.swift in Sources */,
				F3926DDC1D1CE30300932F3E /* Int.swift in Sources */,
				F31EFE0B1D1CCDD800797850 /* ForecastCell.swift in Sources */,
				F3926DD31D1CDFE600932F3E /* Fonts.swift in Sources */,
				F31EFDFF1D1CBF7F00797850 /* Presets.swift in Sources */,
				F3E47C6B1D1BDA6D001FE3D6 /* SExpIO.m in Sources */,
				F3E47C881D1BDF4E001FE3D6 /* NSRange.swift in Sources */,
				F3E47C6A1D1BDA6D001FE3D6 /* SExp.m in Sources */,
				F3E47C8D1D1BDF92001FE3D6 /* Math.swift in Sources */,
				F3926DDF1D1CE30B00932F3E /* NSDate.swift in Sources */,
				F3926DE51D1CE69500932F3E /* NSDate+Additions.m in Sources */,
				F3926DE91D1CE9AC00932F3E /* UIScrollView.swift in Sources */,
				F31EFDDE1D1BF19A00797850 /* GCD.swift in Sources */,
				F31EFDE01D1BF42600797850 /* Features.swift in Sources */,
				F3926DE21D1CE4C400932F3E /* WeatherRecord.swift in Sources */,
				F3E47C571D1BD900001FE3D6 /* TopView.swift in Sources */,
				F3E47C6E1D1BDA6D001FE3D6 /* SimpleUnicharInputStream.m in Sources */,
				F3E47C551D1BD87A001FE3D6 /* AppDelegate.swift in Sources */,
				F3E47C521D1BD86C001FE3D6 /* Top.swift in Sources */,
				F3E47C6C1D1BDA6D001FE3D6 /* SExpTokenizer.m in Sources */,
				F31EFE011D1CBF9300797850 /* ForecastLoader.swift in Sources */,
				F31EFDE41D1BF85100797850 /* Loader.swift in Sources */,
				F3926DDA1D1CE2FF00932F3E /* Double.swift in Sources */,
				F3E47C711D1BDAE2001FE3D6 /* ColorPalette.swift in Sources */,
			);
			runOnlyForDeploymentPostprocessing = 0;
		};
/* End PBXSourcesBuildPhase section */

/* Begin PBXTargetDependency section */
		F31EFDF21D1C6A4400797850 /* PBXTargetDependency */ = {
			isa = PBXTargetDependency;
			target = F3E47C381D1BD666001FE3D6 /* OpenWeatherCT */;
			targetProxy = F31EFDF11D1C6A4400797850 /* PBXContainerItemProxy */;
		};
/* End PBXTargetDependency section */

/* Begin PBXVariantGroup section */
		F3E47C451D1BD666001FE3D6 /* LaunchScreen.storyboard */ = {
			isa = PBXVariantGroup;
			children = (
				F3E47C461D1BD666001FE3D6 /* Base */,
			);
			name = LaunchScreen.storyboard;
			sourceTree = "<group>";
		};
/* End PBXVariantGroup section */

/* Begin XCBuildConfiguration section */
		F31EFDF31D1C6A4400797850 /* Debug */ = {
			isa = XCBuildConfiguration;
			buildSettings = {
				BUNDLE_LOADER = "$(TEST_HOST)";
				INFOPLIST_FILE = OpenWeatherCTTests/Info.plist;
				LD_RUNPATH_SEARCH_PATHS = "$(inherited) @executable_path/Frameworks @loader_path/Frameworks";
				PRODUCT_BUNDLE_IDENTIFIER = uk.co.cantabilabs.OpenWeatherCTTests;
				PRODUCT_NAME = "$(TARGET_NAME)";
				TEST_HOST = "$(BUILT_PRODUCTS_DIR)/OpenWeatherCT.app/OpenWeatherCT";
			};
			name = Debug;
		};
		F31EFDF41D1C6A4400797850 /* Release */ = {
			isa = XCBuildConfiguration;
			buildSettings = {
				BUNDLE_LOADER = "$(TEST_HOST)";
				INFOPLIST_FILE = OpenWeatherCTTests/Info.plist;
				LD_RUNPATH_SEARCH_PATHS = "$(inherited) @executable_path/Frameworks @loader_path/Frameworks";
				PRODUCT_BUNDLE_IDENTIFIER = uk.co.cantabilabs.OpenWeatherCTTests;
				PRODUCT_NAME = "$(TARGET_NAME)";
				TEST_HOST = "$(BUILT_PRODUCTS_DIR)/OpenWeatherCT.app/OpenWeatherCT";
			};
			name = Release;
		};
		F3E47C491D1BD666001FE3D6 /* Debug */ = {
			isa = XCBuildConfiguration;
			buildSettings = {
				ALWAYS_SEARCH_USER_PATHS = NO;
				CLANG_ANALYZER_NONNULL = YES;
				CLANG_CXX_LANGUAGE_STANDARD = "gnu++0x";
				CLANG_CXX_LIBRARY = "libc++";
				CLANG_ENABLE_MODULES = YES;
				CLANG_ENABLE_OBJC_ARC = YES;
				CLANG_WARN_BOOL_CONVERSION = YES;
				CLANG_WARN_CONSTANT_CONVERSION = YES;
				CLANG_WARN_DIRECT_OBJC_ISA_USAGE = YES_ERROR;
				CLANG_WARN_EMPTY_BODY = YES;
				CLANG_WARN_ENUM_CONVERSION = YES;
				CLANG_WARN_INT_CONVERSION = YES;
				CLANG_WARN_OBJC_ROOT_CLASS = YES_ERROR;
				CLANG_WARN_UNREACHABLE_CODE = YES;
				CLANG_WARN__DUPLICATE_METHOD_MATCH = YES;
				"CODE_SIGN_IDENTITY[sdk=iphoneos*]" = "iPhone Developer";
				COPY_PHASE_STRIP = NO;
				DEBUG_INFORMATION_FORMAT = dwarf;
				ENABLE_STRICT_OBJC_MSGSEND = YES;
				ENABLE_TESTABILITY = YES;
				GCC_C_LANGUAGE_STANDARD = gnu99;
				GCC_DYNAMIC_NO_PIC = NO;
				GCC_NO_COMMON_BLOCKS = YES;
				GCC_OPTIMIZATION_LEVEL = 0;
				GCC_PREPROCESSOR_DEFINITIONS = (
					"DEBUG=1",
					"$(inherited)",
				);
				GCC_WARN_64_TO_32_BIT_CONVERSION = YES;
				GCC_WARN_ABOUT_RETURN_TYPE = YES_ERROR;
				GCC_WARN_UNDECLARED_SELECTOR = YES;
				GCC_WARN_UNINITIALIZED_AUTOS = YES_AGGRESSIVE;
				GCC_WARN_UNUSED_FUNCTION = YES;
				GCC_WARN_UNUSED_VARIABLE = YES;
				IPHONEOS_DEPLOYMENT_TARGET = 9.3;
				MTL_ENABLE_DEBUG_INFO = YES;
				ONLY_ACTIVE_ARCH = YES;
				SDKROOT = iphoneos;
				SWIFT_OPTIMIZATION_LEVEL = "-Onone";
			};
			name = Debug;
		};
		F3E47C4A1D1BD666001FE3D6 /* Release */ = {
			isa = XCBuildConfiguration;
			buildSettings = {
				ALWAYS_SEARCH_USER_PATHS = NO;
				CLANG_ANALYZER_NONNULL = YES;
				CLANG_CXX_LANGUAGE_STANDARD = "gnu++0x";
				CLANG_CXX_LIBRARY = "libc++";
				CLANG_ENABLE_MODULES = YES;
				CLANG_ENABLE_OBJC_ARC = YES;
				CLANG_WARN_BOOL_CONVERSION = YES;
				CLANG_WARN_CONSTANT_CONVERSION = YES;
				CLANG_WARN_DIRECT_OBJC_ISA_USAGE = YES_ERROR;
				CLANG_WARN_EMPTY_BODY = YES;
				CLANG_WARN_ENUM_CONVERSION = YES;
				CLANG_WARN_INT_CONVERSION = YES;
				CLANG_WARN_OBJC_ROOT_CLASS = YES_ERROR;
				CLANG_WARN_UNREACHABLE_CODE = YES;
				CLANG_WARN__DUPLICATE_METHOD_MATCH = YES;
				"CODE_SIGN_IDENTITY[sdk=iphoneos*]" = "iPhone Developer";
				COPY_PHASE_STRIP = NO;
				DEBUG_INFORMATION_FORMAT = "dwarf-with-dsym";
				ENABLE_NS_ASSERTIONS = NO;
				ENABLE_STRICT_OBJC_MSGSEND = YES;
				GCC_C_LANGUAGE_STANDARD = gnu99;
				GCC_NO_COMMON_BLOCKS = YES;
				GCC_WARN_64_TO_32_BIT_CONVERSION = YES;
				GCC_WARN_ABOUT_RETURN_TYPE = YES_ERROR;
				GCC_WARN_UNDECLARED_SELECTOR = YES;
				GCC_WARN_UNINITIALIZED_AUTOS = YES_AGGRESSIVE;
				GCC_WARN_UNUSED_FUNCTION = YES;
				GCC_WARN_UNUSED_VARIABLE = YES;
				IPHONEOS_DEPLOYMENT_TARGET = 9.3;
				MTL_ENABLE_DEBUG_INFO = NO;
				SDKROOT = iphoneos;
				VALIDATE_PRODUCT = YES;
			};
			name = Release;
		};
		F3E47C4C1D1BD666001FE3D6 /* Debug */ = {
			isa = XCBuildConfiguration;
			buildSettings = {
				ASSETCATALOG_COMPILER_APPICON_NAME = AppIcon;
				CLANG_ENABLE_MODULES = YES;
				INFOPLIST_FILE = OpenWeatherCT/Info.plist;
				LD_RUNPATH_SEARCH_PATHS = "$(inherited) @executable_path/Frameworks";
				PRODUCT_BUNDLE_IDENTIFIER = uk.co.cantabilabs.OpenWeatherCT;
				PRODUCT_NAME = "$(TARGET_NAME)";
				SWIFT_OBJC_BRIDGING_HEADER = "OpenWeatherCT/OWSources/OpenWeatherCT-Bridging-Header.h";
				SWIFT_OPTIMIZATION_LEVEL = "-Onone";
			};
			name = Debug;
		};
		F3E47C4D1D1BD666001FE3D6 /* Release */ = {
			isa = XCBuildConfiguration;
			buildSettings = {
				ASSETCATALOG_COMPILER_APPICON_NAME = AppIcon;
				CLANG_ENABLE_MODULES = YES;
				INFOPLIST_FILE = OpenWeatherCT/Info.plist;
				LD_RUNPATH_SEARCH_PATHS = "$(inherited) @executable_path/Frameworks";
				PRODUCT_BUNDLE_IDENTIFIER = uk.co.cantabilabs.OpenWeatherCT;
				PRODUCT_NAME = "$(TARGET_NAME)";
				SWIFT_OBJC_BRIDGING_HEADER = "OpenWeatherCT/OWSources/OpenWeatherCT-Bridging-Header.h";
			};
			name = Release;
		};
/* End XCBuildConfiguration section */

/* Begin XCConfigurationList section */
		F31EFDF51D1C6A4400797850 /* Build configuration list for PBXNativeTarget "OpenWeatherCTTests" */ = {
			isa = XCConfigurationList;
			buildConfigurations = (
				F31EFDF31D1C6A4400797850 /* Debug */,
				F31EFDF41D1C6A4400797850 /* Release */,
			);
			defaultConfigurationIsVisible = 0;
			defaultConfigurationName = Release;
		};
		F3E47C341D1BD666001FE3D6 /* Build configuration list for PBXProject "OpenWeatherCT" */ = {
			isa = XCConfigurationList;
			buildConfigurations = (
				F3E47C491D1BD666001FE3D6 /* Debug */,
				F3E47C4A1D1BD666001FE3D6 /* Release */,
			);
			defaultConfigurationIsVisible = 0;
			defaultConfigurationName = Release;
		};
		F3E47C4B1D1BD666001FE3D6 /* Build configuration list for PBXNativeTarget "OpenWeatherCT" */ = {
			isa = XCConfigurationList;
			buildConfigurations = (
				F3E47C4C1D1BD666001FE3D6 /* Debug */,
				F3E47C4D1D1BD666001FE3D6 /* Release */,
			);
			defaultConfigurationIsVisible = 0;
			defaultConfigurationName = Release;
		};
/* End XCConfigurationList section */
	};
	rootObject = F3E47C311D1BD666001FE3D6 /* Project object */;
}
